
Microsoft Visual Studio Solution File, Format Version 12.00
# Visual Studio Version 16
VisualStudioVersion = 16.0.30907.101
MinimumVisualStudioVersion = 10.0.40219.1
Project("{FAE04EC0-301F-11D3-BF4B-00C04F79EFBC}") = "CalculationAnnuityPayment", "CalculationAnnuityPayment\CalculationAnnuityPayment.csproj", "{8A33028D-7809-4BA9-BFD8-7F8BF9955269}"
EndProject
Project("{FAE04EC0-301F-11D3-BF4B-00C04F79EFBC}") = "TestingCalculation", "TestingCalculation\TestingCalculation.csproj", "{36DAC892-7F0E-475B-9990-F76B72D0B2E0}"
EndProject
Global
	GlobalSection(SolutionConfigurationPlatforms) = preSolution
		Debug|Any CPU = Debug|Any CPU
		Release|Any CPU = Release|Any CPU
	EndGlobalSection
	GlobalSection(ProjectConfigurationPlatforms) = postSolution
		{8A33028D-7809-4BA9-BFD8-7F8BF9955269}.Debug|Any CPU.ActiveCfg = Debug|Any CPU
		{8A33028D-7809-4BA9-BFD8-7F8BF9955269}.Debug|Any CPU.Build.0 = Debug|Any CPU
		{8A33028D-7809-4BA9-BFD8-7F8BF9955269}.Release|Any CPU.ActiveCfg = Release|Any CPU
		{8A33028D-7809-4BA9-BFD8-7F8BF9955269}.Release|Any CPU.Build.0 = Release|Any CPU
		{36DAC892-7F0E-475B-9990-F76B72D0B2E0}.Debug|Any CPU.ActiveCfg = Debug|Any CPU
		{36DAC892-7F0E-475B-9990-F76B72D0B2E0}.Debug|Any CPU.Build.0 = Debug|Any CPU
		{36DAC892-7F0E-475B-9990-F76B72D0B2E0}.Release|Any CPU.ActiveCfg = Release|Any CPU
		{36DAC892-7F0E-475B-9990-F76B72D0B2E0}.Release|Any CPU.Build.0 = Release|Any CPU
	EndGlobalSection
	GlobalSection(SolutionProperties) = preSolution
		HideSolutionNode = FALSE
	EndGlobalSection
	GlobalSection(ExtensibilityGlobals) = postSolution
		SolutionGuid = {CFA30158-43D2-45C2-B306-0D9B2CCF818C}
	EndGlobalSection
EndGlobal
